
Microsoft Visual Studio Solution File, Format Version 12.00
# Visual Studio Version 16
VisualStudioVersion = 16.0.33529.622
MinimumVisualStudioVersion = 10.0.40219.1
Project("{FAE04EC0-301F-11D3-BF4B-00C04F79EFBC}") = "UI_WipAware", "UI_WipAware.csproj", "{92CB3772-6F37-406D-8182-60171DFA828A}"
EndProject
Global
	GlobalSection(SolutionConfigurationPlatforms) = preSolution
		Debug|Any CPU = Debug|Any CPU
		Release|Any CPU = Release|Any CPU
	EndGlobalSection
	GlobalSection(ProjectConfigurationPlatforms) = postSolution
		{92CB3772-6F37-406D-8182-60171DFA828A}.Debug|Any CPU.ActiveCfg = Debug|Any CPU
		{92CB3772-6F37-406D-8182-60171DFA828A}.Debug|Any CPU.Build.0 = Debug|Any CPU
		{92CB3772-6F37-406D-8182-60171DFA828A}.Release|Any CPU.ActiveCfg = Release|Any CPU
		{92CB3772-6F37-406D-8182-60171DFA828A}.Release|Any CPU.Build.0 = Release|Any CPU
	EndGlobalSection
	GlobalSection(SolutionProperties) = preSolution
		HideSolutionNode = FALSE
	EndGlobalSection
	GlobalSection(ExtensibilityGlobals) = postSolution
		SolutionGuid = {0BE83713-9D83-48AD-92EF-2AF953909E45}
	EndGlobalSection
EndGlobal
